
Microsoft Visual Studio Solution File, Format Version 12.00
# Visual Studio Version 17
VisualStudioVersion = 17.9.34622.214
MinimumVisualStudioVersion = 10.0.40219.1
Project("{9A19103F-16F7-4668-BE54-9A1E7A4F7556}") = "e_library_backend", "e_library_backend.csproj", "{A93D70E4-427B-4519-B7F6-E295E4048683}"
EndProject
Global
	GlobalSection(SolutionConfigurationPlatforms) = preSolution
		Debug|Any CPU = Debug|Any CPU
		Release|Any CPU = Release|Any CPU
	EndGlobalSection
	GlobalSection(ProjectConfigurationPlatforms) = postSolution
		{A93D70E4-427B-4519-B7F6-E295E4048683}.Debug|Any CPU.ActiveCfg = Debug|Any CPU
		{A93D70E4-427B-4519-B7F6-E295E4048683}.Debug|Any CPU.Build.0 = Debug|Any CPU
		{A93D70E4-427B-4519-B7F6-E295E4048683}.Release|Any CPU.ActiveCfg = Release|Any CPU
		{A93D70E4-427B-4519-B7F6-E295E4048683}.Release|Any CPU.Build.0 = Release|Any CPU
	EndGlobalSection
	GlobalSection(SolutionProperties) = preSolution
		HideSolutionNode = FALSE
	EndGlobalSection
	GlobalSection(ExtensibilityGlobals) = postSolution
		SolutionGuid = {B0FEE394-7525-4D06-B285-410C82DE8D4D}
	EndGlobalSection
EndGlobal
